
Microsoft Visual Studio Solution File, Format Version 12.00
# Visual Studio Version 18
VisualStudioVersion = 18.1.11312.151
MinimumVisualStudioVersion = 10.0.40219.1
Project("{FAE04EC0-301F-11D3-BF4B-00C04F79EFBC}") = "InteligentApp", "InteligentApp\InteligentApp.csproj", "{4E0B73E2-02D1-4106-A375-A59F9AEE299F}"
EndProject
Global
	GlobalSection(SolutionConfigurationPlatforms) = preSolution
		Debug|Any CPU = Debug|Any CPU
		Release|Any CPU = Release|Any CPU
	EndGlobalSection
	GlobalSection(ProjectConfigurationPlatforms) = postSolution
		{4E0B73E2-02D1-4106-A375-A59F9AEE299F}.Debug|Any CPU.ActiveCfg = Debug|Any CPU
		{4E0B73E2-02D1-4106-A375-A59F9AEE299F}.Debug|Any CPU.Build.0 = Debug|Any CPU
		{4E0B73E2-02D1-4106-A375-A59F9AEE299F}.Release|Any CPU.ActiveCfg = Release|Any CPU
		{4E0B73E2-02D1-4106-A375-A59F9AEE299F}.Release|Any CPU.Build.0 = Release|Any CPU
	EndGlobalSection
	GlobalSection(SolutionProperties) = preSolution
		HideSolutionNode = FALSE
	EndGlobalSection
EndGlobal
